
Microsoft Visual Studio Solution File, Format Version 12.00
# Visual Studio 2013
VisualStudioVersion = 12.0.21005.1
MinimumVisualStudioVersion = 10.0.40219.1
Project("{FAE04EC0-301F-11D3-BF4B-00C04F79EFBC}") = "Mocking", "Mocking\Mocking.csproj", "{FA1D53F8-DF85-4AE6-847F-A1517A09DA07}"
EndProject
Project("{FAE04EC0-301F-11D3-BF4B-00C04F79EFBC}") = "Mocking.Tests", "Mocking.Tests\Mocking.Tests.csproj", "{81878176-3D0A-400A-A6A8-551E87A7EB09}"
EndProject
Global
	GlobalSection(SolutionConfigurationPlatforms) = preSolution
		Debug|Any CPU = Debug|Any CPU
		Release|Any CPU = Release|Any CPU
	EndGlobalSection
	GlobalSection(ProjectConfigurationPlatforms) = postSolution
		{FA1D53F8-DF85-4AE6-847F-A1517A09DA07}.Debug|Any CPU.ActiveCfg = Debug|Any CPU
		{FA1D53F8-DF85-4AE6-847F-A1517A09DA07}.Debug|Any CPU.Build.0 = Debug|Any CPU
		{FA1D53F8-DF85-4AE6-847F-A1517A09DA07}.Release|Any CPU.ActiveCfg = Release|Any CPU
		{FA1D53F8-DF85-4AE6-847F-A1517A09DA07}.Release|Any CPU.Build.0 = Release|Any CPU
		{81878176-3D0A-400A-A6A8-551E87A7EB09}.Debug|Any CPU.ActiveCfg = Debug|Any CPU
		{81878176-3D0A-400A-A6A8-551E87A7EB09}.Debug|Any CPU.Build.0 = Debug|Any CPU
		{81878176-3D0A-400A-A6A8-551E87A7EB09}.Release|Any CPU.ActiveCfg = Release|Any CPU
		{81878176-3D0A-400A-A6A8-551E87A7EB09}.Release|Any CPU.Build.0 = Release|Any CPU
	EndGlobalSection
	GlobalSection(SolutionProperties) = preSolution
		HideSolutionNode = FALSE
	EndGlobalSection
EndGlobal
